
Microsoft Visual Studio Solution File, Format Version 12.00
# Visual Studio Version 17
VisualStudioVersion = 17.3.32825.248
MinimumVisualStudioVersion = 10.0.40219.1
Project("{FAE04EC0-301F-11D3-BF4B-00C04F79EFBC}") = "Artsoft.Web", "Artsoft.Web\Artsoft.Web.csproj", "{D408F6B9-5FAD-4C28-B6C6-B13CEE71D01A}"
EndProject
Global
	GlobalSection(SolutionConfigurationPlatforms) = preSolution
		Debug|Any CPU = Debug|Any CPU
		Release|Any CPU = Release|Any CPU
	EndGlobalSection
	GlobalSection(ProjectConfigurationPlatforms) = postSolution
		{D408F6B9-5FAD-4C28-B6C6-B13CEE71D01A}.Debug|Any CPU.ActiveCfg = Debug|Any CPU
		{D408F6B9-5FAD-4C28-B6C6-B13CEE71D01A}.Debug|Any CPU.Build.0 = Debug|Any CPU
		{D408F6B9-5FAD-4C28-B6C6-B13CEE71D01A}.Release|Any CPU.ActiveCfg = Release|Any CPU
		{D408F6B9-5FAD-4C28-B6C6-B13CEE71D01A}.Release|Any CPU.Build.0 = Release|Any CPU
	EndGlobalSection
	GlobalSection(SolutionProperties) = preSolution
		HideSolutionNode = FALSE
	EndGlobalSection
	GlobalSection(ExtensibilityGlobals) = postSolution
		SolutionGuid = {06E10004-44D0-41B7-B756-A6AD48257AAD}
	EndGlobalSection
EndGlobal
